// !$*UTF8*$!
{
	archiveVersion = 1;
	classes = {
	};
	objectVersion = 51;
	objects = {

/* Begin PBXBuildFile section */
		0F423DC425B466F5006BDAB6 /* HabitoApp.swift in Sources */ = {isa = PBXBuildFile; fileRef = 0F423DC325B466F5006BDAB6 /* HabitoApp.swift */; };
		0F423DC625B466F5006BDAB6 /* ContentView.swift in Sources */ = {isa = PBXBuildFile; fileRef = 0F423DC525B466F5006BDAB6 /* ContentView.swift */; };
		0F423DC825B466FB006BDAB6 /* Assets.xcassets in Resources */ = {isa = PBXBuildFile; fileRef = 0F423DC725B466FB006BDAB6 /* Assets.xcassets */; };
		0F423DCB25B466FB006BDAB6 /* Preview Assets.xcassets in Resources */ = {isa = PBXBuildFile; fileRef = 0F423DCA25B466FB006BDAB6 /* Preview Assets.xcassets */; };
		0F423DD825B4704F006BDAB6 /* CustomViews.swift in Sources */ = {isa = PBXBuildFile; fileRef = 0F423DD725B4704F006BDAB6 /* CustomViews.swift */; };
		0F423DE225B47A0F006BDAB6 /* Create.swift in Sources */ = {isa = PBXBuildFile; fileRef = 0F423DE125B47A0F006BDAB6 /* Create.swift */; };
		0F423DF025B48A7C006BDAB6 /* ViewModel.swift in Sources */ = {isa = PBXBuildFile; fileRef = 0F423DEF25B48A7C006BDAB6 /* ViewModel.swift */; };
		0F74EC4D25B60DAC00C4945E /* GoogleService-Info.plist in Resources */ = {isa = PBXBuildFile; fileRef = 0F74EC4C25B60DAC00C4945E /* GoogleService-Info.plist */; };
		0F74ED1025B6290400C4945E /* UserService.swift in Sources */ = {isa = PBXBuildFile; fileRef = 0F74ED0F25B6290400C4945E /* UserService.swift */; };
		0F7937F925B85295007801E3 /* Challenge.swift in Sources */ = {isa = PBXBuildFile; fileRef = 0F7937F825B85295007801E3 /* Challenge.swift */; };
		0F7937FD25B85832007801E3 /* ChallengeService.swift in Sources */ = {isa = PBXBuildFile; fileRef = 0F7937FC25B85832007801E3 /* ChallengeService.swift */; };
		0F79396825B8A0E2007801E3 /* HabitoError.swift in Sources */ = {isa = PBXBuildFile; fileRef = 0F79396725B8A0E2007801E3 /* HabitoError.swift */; };
		0F7E771B25B4CA0C002D2666 /* Protocols.swift in Sources */ = {isa = PBXBuildFile; fileRef = 0F7E771A25B4CA0C002D2666 /* Protocols.swift */; };
		E436E26D2A3A2CEA4B244704 /* Pods_Habito.framework in Frameworks */ = {isa = PBXBuildFile; fileRef = 5C3F1DEFD9673D09B38743AF /* Pods_Habito.framework */; };
/* End PBXBuildFile section */

/* Begin PBXFileReference section */
		08A99C5CCE33C7B05126EE18 /* Pods-Habito.release.xcconfig */ = {isa = PBXFileReference; includeInIndex = 1; lastKnownFileType = text.xcconfig; name = "Pods-Habito.release.xcconfig"; path = "Target Support Files/Pods-Habito/Pods-Habito.release.xcconfig"; sourceTree = "<group>"; };
		0F423DC025B466F5006BDAB6 /* Habito.app */ = {isa = PBXFileReference; explicitFileType = wrapper.application; includeInIndex = 0; path = Habito.app; sourceTree = BUILT_PRODUCTS_DIR; };
		0F423DC325B466F5006BDAB6 /* HabitoApp.swift */ = {isa = PBXFileReference; lastKnownFileType = sourcecode.swift; path = HabitoApp.swift; sourceTree = "<group>"; };
		0F423DC525B466F5006BDAB6 /* ContentView.swift */ = {isa = PBXFileReference; lastKnownFileType = sourcecode.swift; path = ContentView.swift; sourceTree = "<group>"; };
		0F423DC725B466FB006BDAB6 /* Assets.xcassets */ = {isa = PBXFileReference; lastKnownFileType = folder.assetcatalog; path = Assets.xcassets; sourceTree = "<group>"; };
		0F423DCA25B466FB006BDAB6 /* Preview Assets.xcassets */ = {isa = PBXFileReference; lastKnownFileType = folder.assetcatalog; path = "Preview Assets.xcassets"; sourceTree = "<group>"; };
		0F423DCC25B466FB006BDAB6 /* Info.plist */ = {isa = PBXFileReference; lastKnownFileType = text.plist.xml; path = Info.plist; sourceTree = "<group>"; };
		0F423DD725B4704F006BDAB6 /* CustomViews.swift */ = {isa = PBXFileReference; lastKnownFileType = sourcecode.swift; path = CustomViews.swift; sourceTree = "<group>"; };
		0F423DE125B47A0F006BDAB6 /* Create.swift */ = {isa = PBXFileReference; lastKnownFileType = sourcecode.swift; path = Create.swift; sourceTree = "<group>"; };
		0F423DEF25B48A7C006BDAB6 /* ViewModel.swift */ = {isa = PBXFileReference; lastKnownFileType = sourcecode.swift; path = ViewModel.swift; sourceTree = "<group>"; };
		0F74EC4C25B60DAC00C4945E /* GoogleService-Info.plist */ = {isa = PBXFileReference; fileEncoding = 4; lastKnownFileType = text.plist.xml; path = "GoogleService-Info.plist"; sourceTree = "<group>"; };
		0F74ED0F25B6290400C4945E /* UserService.swift */ = {isa = PBXFileReference; lastKnownFileType = sourcecode.swift; path = UserService.swift; sourceTree = "<group>"; };
		0F7937F825B85295007801E3 /* Challenge.swift */ = {isa = PBXFileReference; lastKnownFileType = sourcecode.swift; path = Challenge.swift; sourceTree = "<group>"; };
		0F7937FC25B85832007801E3 /* ChallengeService.swift */ = {isa = PBXFileReference; lastKnownFileType = sourcecode.swift; path = ChallengeService.swift; sourceTree = "<group>"; };
		0F79396725B8A0E2007801E3 /* HabitoError.swift */ = {isa = PBXFileReference; lastKnownFileType = sourcecode.swift; path = HabitoError.swift; sourceTree = "<group>"; };
		0F7E771A25B4CA0C002D2666 /* Protocols.swift */ = {isa = PBXFileReference; lastKnownFileType = sourcecode.swift; path = Protocols.swift; sourceTree = "<group>"; };
		1A01C49467CC60A252DD2EA0 /* Pods-Habito.debug.xcconfig */ = {isa = PBXFileReference; includeInIndex = 1; lastKnownFileType = text.xcconfig; name = "Pods-Habito.debug.xcconfig"; path = "Target Support Files/Pods-Habito/Pods-Habito.debug.xcconfig"; sourceTree = "<group>"; };
		5C3F1DEFD9673D09B38743AF /* Pods_Habito.framework */ = {isa = PBXFileReference; explicitFileType = wrapper.framework; includeInIndex = 0; path = Pods_Habito.framework; sourceTree = BUILT_PRODUCTS_DIR; };
/* End PBXFileReference section */

/* Begin PBXFrameworksBuildPhase section */
		0F423DBD25B466F5006BDAB6 /* Frameworks */ = {
			isa = PBXFrameworksBuildPhase;
			buildActionMask = 2147483647;
			files = (
				E436E26D2A3A2CEA4B244704 /* Pods_Habito.framework in Frameworks */,
			);
			runOnlyForDeploymentPostprocessing = 0;
		};
/* End PBXFrameworksBuildPhase section */

/* Begin PBXGroup section */
		0F423DB725B466F5006BDAB6 = {
			isa = PBXGroup;
			children = (
				0F423DC225B466F5006BDAB6 /* Habito */,
				0F423DC125B466F5006BDAB6 /* Products */,
				E936FCE2CC6145DE284D6634 /* Pods */,
				11E3845D218073345A54C4BA /* Frameworks */,
			);
			sourceTree = "<group>";
		};
		0F423DC125B466F5006BDAB6 /* Products */ = {
			isa = PBXGroup;
			children = (
				0F423DC025B466F5006BDAB6 /* Habito.app */,
			);
			name = Products;
			sourceTree = "<group>";
		};
		0F423DC225B466F5006BDAB6 /* Habito */ = {
			isa = PBXGroup;
			children = (
				0F7937F725B8527F007801E3 /* Models */,
				0F74ED0E25B628ED00C4945E /* Services */,
				0F423DEA25B48A6A006BDAB6 /* ViewModel */,
				0F423DC325B466F5006BDAB6 /* HabitoApp.swift */,
				0F423DD625B47037006BDAB6 /* Views */,
				0F423DC725B466FB006BDAB6 /* Assets.xcassets */,
				0F423DCC25B466FB006BDAB6 /* Info.plist */,
				0F74EC4C25B60DAC00C4945E /* GoogleService-Info.plist */,
				0F423DC925B466FB006BDAB6 /* Preview Content */,
			);
			path = Habito;
			sourceTree = "<group>";
		};
		0F423DC925B466FB006BDAB6 /* Preview Content */ = {
			isa = PBXGroup;
			children = (
				0F423DCA25B466FB006BDAB6 /* Preview Assets.xcassets */,
			);
			path = "Preview Content";
			sourceTree = "<group>";
		};
		0F423DD625B47037006BDAB6 /* Views */ = {
			isa = PBXGroup;
			children = (
				0F423DC525B466F5006BDAB6 /* ContentView.swift */,
				0F423DE125B47A0F006BDAB6 /* Create.swift */,
				0F423DD725B4704F006BDAB6 /* CustomViews.swift */,
			);
			path = Views;
			sourceTree = "<group>";
		};
		0F423DEA25B48A6A006BDAB6 /* ViewModel */ = {
			isa = PBXGroup;
			children = (
				0F423DEF25B48A7C006BDAB6 /* ViewModel.swift */,
				0F7E771A25B4CA0C002D2666 /* Protocols.swift */,
			);
			path = ViewModel;
			sourceTree = "<group>";
		};
		0F74ED0E25B628ED00C4945E /* Services */ = {
			isa = PBXGroup;
			children = (
				0F74ED0F25B6290400C4945E /* UserService.swift */,
				0F7937FC25B85832007801E3 /* ChallengeService.swift */,
				0F79396725B8A0E2007801E3 /* HabitoError.swift */,
			);
			path = Services;
			sourceTree = "<group>";
		};
		0F7937F725B8527F007801E3 /* Models */ = {
			isa = PBXGroup;
			children = (
				0F7937F825B85295007801E3 /* Challenge.swift */,
			);
			path = Models;
			sourceTree = "<group>";
		};
		11E3845D218073345A54C4BA /* Frameworks */ = {
			isa = PBXGroup;
			children = (
				5C3F1DEFD9673D09B38743AF /* Pods_Habito.framework */,
			);
			name = Frameworks;
			sourceTree = "<group>";
		};
		E936FCE2CC6145DE284D6634 /* Pods */ = {
			isa = PBXGroup;
			children = (
				1A01C49467CC60A252DD2EA0 /* Pods-Habito.debug.xcconfig */,
				08A99C5CCE33C7B05126EE18 /* Pods-Habito.release.xcconfig */,
			);
			path = Pods;
			sourceTree = "<group>";
		};
/* End PBXGroup section */

/* Begin PBXNativeTarget section */
		0F423DBF25B466F5006BDAB6 /* Habito */ = {
			isa = PBXNativeTarget;
			buildConfigurationList = 0F423DCF25B466FB006BDAB6 /* Build configuration list for PBXNativeTarget "Habito" */;
			buildPhases = (
				FD20B52F290A716B8EB9AF25 /* [CP] Check Pods Manifest.lock */,
				0F423DBC25B466F5006BDAB6 /* Sources */,
				0F423DBD25B466F5006BDAB6 /* Frameworks */,
				0F423DBE25B466F5006BDAB6 /* Resources */,
				5FC71C49471494E7F5CF5D9D /* [CP] Embed Pods Frameworks */,
			);
			buildRules = (
			);
			dependencies = (
			);
			name = Habito;
			productName = Habito;
			productReference = 0F423DC025B466F5006BDAB6 /* Habito.app */;
			productType = "com.apple.product-type.application";
		};
/* End PBXNativeTarget section */

/* Begin PBXProject section */
		0F423DB825B466F5006BDAB6 /* Project object */ = {
			isa = PBXProject;
			attributes = {
				LastSwiftUpdateCheck = 1220;
				LastUpgradeCheck = 1220;
				TargetAttributes = {
					0F423DBF25B466F5006BDAB6 = {
						CreatedOnToolsVersion = 12.2;
					};
				};
			};
			buildConfigurationList = 0F423DBB25B466F5006BDAB6 /* Build configuration list for PBXProject "Habito" */;
			compatibilityVersion = "Xcode 9.3";
			developmentRegion = en;
			hasScannedForEncodings = 0;
			knownRegions = (
				en,
				Base,
			);
			mainGroup = 0F423DB725B466F5006BDAB6;
			productRefGroup = 0F423DC125B466F5006BDAB6 /* Products */;
			projectDirPath = "";
			projectRoot = "";
			targets = (
				0F423DBF25B466F5006BDAB6 /* Habito */,
			);
		};
/* End PBXProject section */

/* Begin PBXResourcesBuildPhase section */
		0F423DBE25B466F5006BDAB6 /* Resources */ = {
			isa = PBXResourcesBuildPhase;
			buildActionMask = 2147483647;
			files = (
				0F423DCB25B466FB006BDAB6 /* Preview Assets.xcassets in Resources */,
				0F74EC4D25B60DAC00C4945E /* GoogleService-Info.plist in Resources */,
				0F423DC825B466FB006BDAB6 /* Assets.xcassets in Resources */,
			);
			runOnlyForDeploymentPostprocessing = 0;
		};
/* End PBXResourcesBuildPhase section */

/* Begin PBXShellScriptBuildPhase section */
		5FC71C49471494E7F5CF5D9D /* [CP] Embed Pods Frameworks */ = {
			isa = PBXShellScriptBuildPhase;
			buildActionMask = 2147483647;
			files = (
			);
			inputFileListPaths = (
				"${PODS_ROOT}/Target Support Files/Pods-Habito/Pods-Habito-frameworks-${CONFIGURATION}-input-files.xcfilelist",
			);
			name = "[CP] Embed Pods Frameworks";
			outputFileListPaths = (
				"${PODS_ROOT}/Target Support Files/Pods-Habito/Pods-Habito-frameworks-${CONFIGURATION}-output-files.xcfilelist",
			);
			runOnlyForDeploymentPostprocessing = 0;
			shellPath = /bin/sh;
			shellScript = "\"${PODS_ROOT}/Target Support Files/Pods-Habito/Pods-Habito-frameworks.sh\"\n";
			showEnvVarsInLog = 0;
		};
		FD20B52F290A716B8EB9AF25 /* [CP] Check Pods Manifest.lock */ = {
			isa = PBXShellScriptBuildPhase;
			buildActionMask = 2147483647;
			files = (
			);
			inputFileListPaths = (
			);
			inputPaths = (
				"${PODS_PODFILE_DIR_PATH}/Podfile.lock",
				"${PODS_ROOT}/Manifest.lock",
			);
			name = "[CP] Check Pods Manifest.lock";
			outputFileListPaths = (
			);
			outputPaths = (
				"$(DERIVED_FILE_DIR)/Pods-Habito-checkManifestLockResult.txt",
			);
			runOnlyForDeploymentPostprocessing = 0;
			shellPath = /bin/sh;
			shellScript = "diff \"${PODS_PODFILE_DIR_PATH}/Podfile.lock\" \"${PODS_ROOT}/Manifest.lock\" > /dev/null\nif [ $? != 0 ] ; then\n    # print error to STDERR\n    echo \"error: The sandbox is not in sync with the Podfile.lock. Run 'pod install' or update your CocoaPods installation.\" >&2\n    exit 1\nfi\n# This output is used by Xcode 'outputs' to avoid re-running this script phase.\necho \"SUCCESS\" > \"${SCRIPT_OUTPUT_FILE_0}\"\n";
			showEnvVarsInLog = 0;
		};
/* End PBXShellScriptBuildPhase section */

/* Begin PBXSourcesBuildPhase section */
		0F423DBC25B466F5006BDAB6 /* Sources */ = {
			isa = PBXSourcesBuildPhase;
			buildActionMask = 2147483647;
			files = (
				0F7937FD25B85832007801E3 /* ChallengeService.swift in Sources */,
				0F74ED1025B6290400C4945E /* UserService.swift in Sources */,
				0F423DD825B4704F006BDAB6 /* CustomViews.swift in Sources */,
				0F423DC625B466F5006BDAB6 /* ContentView.swift in Sources */,
				0F423DC425B466F5006BDAB6 /* HabitoApp.swift in Sources */,
				0F7E771B25B4CA0C002D2666 /* Protocols.swift in Sources */,
				0F7937F925B85295007801E3 /* Challenge.swift in Sources */,
				0F79396825B8A0E2007801E3 /* HabitoError.swift in Sources */,
				0F423DF025B48A7C006BDAB6 /* ViewModel.swift in Sources */,
				0F423DE225B47A0F006BDAB6 /* Create.swift in Sources */,
			);
			runOnlyForDeploymentPostprocessing = 0;
		};
/* End PBXSourcesBuildPhase section */

/* Begin XCBuildConfiguration section */
		0F423DCD25B466FB006BDAB6 /* Debug */ = {
			isa = XCBuildConfiguration;
			buildSettings = {
				ALWAYS_SEARCH_USER_PATHS = NO;
				CLANG_ANALYZER_NONNULL = YES;
				CLANG_ANALYZER_NUMBER_OBJECT_CONVERSION = YES_AGGRESSIVE;
				CLANG_CXX_LANGUAGE_STANDARD = "gnu++14";
				CLANG_CXX_LIBRARY = "libc++";
				CLANG_ENABLE_MODULES = YES;
				CLANG_ENABLE_OBJC_ARC = YES;
				CLANG_ENABLE_OBJC_WEAK = YES;
				CLANG_WARN_BLOCK_CAPTURE_AUTORELEASING = YES;
				CLANG_WARN_BOOL_CONVERSION = YES;
				CLANG_WARN_COMMA = YES;
				CLANG_WARN_CONSTANT_CONVERSION = YES;
				CLANG_WARN_DEPRECATED_OBJC_IMPLEMENTATIONS = YES;
				CLANG_WARN_DIRECT_OBJC_ISA_USAGE = YES_ERROR;
				CLANG_WARN_DOCUMENTATION_COMMENTS = YES;
				CLANG_WARN_EMPTY_BODY = YES;
				CLANG_WARN_ENUM_CONVERSION = YES;
				CLANG_WARN_INFINITE_RECURSION = YES;
				CLANG_WARN_INT_CONVERSION = YES;
				CLANG_WARN_NON_LITERAL_NULL_CONVERSION = YES;
				CLANG_WARN_OBJC_IMPLICIT_RETAIN_SELF = YES;
				CLANG_WARN_OBJC_LITERAL_CONVERSION = YES;
				CLANG_WARN_OBJC_ROOT_CLASS = YES_ERROR;
				CLANG_WARN_QUOTED_INCLUDE_IN_FRAMEWORK_HEADER = YES;
				CLANG_WARN_RANGE_LOOP_ANALYSIS = YES;
				CLANG_WARN_STRICT_PROTOTYPES = YES;
				CLANG_WARN_SUSPICIOUS_MOVE = YES;
				CLANG_WARN_UNGUARDED_AVAILABILITY = YES_AGGRESSIVE;
				CLANG_WARN_UNREACHABLE_CODE = YES;
				CLANG_WARN__DUPLICATE_METHOD_MATCH = YES;
				COPY_PHASE_STRIP = NO;
				DEBUG_INFORMATION_FORMAT = dwarf;
				ENABLE_STRICT_OBJC_MSGSEND = YES;
				ENABLE_TESTABILITY = YES;
				GCC_C_LANGUAGE_STANDARD = gnu11;
				GCC_DYNAMIC_NO_PIC = NO;
				GCC_NO_COMMON_BLOCKS = YES;
				GCC_OPTIMIZATION_LEVEL = 0;
				GCC_PREPROCESSOR_DEFINITIONS = (
					"DEBUG=1",
					"$(inherited)",
				);
				GCC_WARN_64_TO_32_BIT_CONVERSION = YES;
				GCC_WARN_ABOUT_RETURN_TYPE = YES_ERROR;
				GCC_WARN_UNDECLARED_SELECTOR = YES;
				GCC_WARN_UNINITIALIZED_AUTOS = YES_AGGRESSIVE;
				GCC_WARN_UNUSED_FUNCTION = YES;
				GCC_WARN_UNUSED_VARIABLE = YES;
				IPHONEOS_DEPLOYMENT_TARGET = 14.2;
				MTL_ENABLE_DEBUG_INFO = INCLUDE_SOURCE;
				MTL_FAST_MATH = YES;
				ONLY_ACTIVE_ARCH = YES;
				SDKROOT = iphoneos;
				SWIFT_ACTIVE_COMPILATION_CONDITIONS = DEBUG;
				SWIFT_OPTIMIZATION_LEVEL = "-Onone";
			};
			name = Debug;
		};
		0F423DCE25B466FB006BDAB6 /* Release */ = {
			isa = XCBuildConfiguration;
			buildSettings = {
				ALWAYS_SEARCH_USER_PATHS = NO;
				CLANG_ANALYZER_NONNULL = YES;
				CLANG_ANALYZER_NUMBER_OBJECT_CONVERSION = YES_AGGRESSIVE;
				CLANG_CXX_LANGUAGE_STANDARD = "gnu++14";
				CLANG_CXX_LIBRARY = "libc++";
				CLANG_ENABLE_MODULES = YES;
				CLANG_ENABLE_OBJC_ARC = YES;
				CLANG_ENABLE_OBJC_WEAK = YES;
				CLANG_WARN_BLOCK_CAPTURE_AUTORELEASING = YES;
				CLANG_WARN_BOOL_CONVERSION = YES;
				CLANG_WARN_COMMA = YES;
				CLANG_WARN_CONSTANT_CONVERSION = YES;
				CLANG_WARN_DEPRECATED_OBJC_IMPLEMENTATIONS = YES;
				CLANG_WARN_DIRECT_OBJC_ISA_USAGE = YES_ERROR;
				CLANG_WARN_DOCUMENTATION_COMMENTS = YES;
				CLANG_WARN_EMPTY_BODY = YES;
				CLANG_WARN_ENUM_CONVERSION = YES;
				CLANG_WARN_INFINITE_RECURSION = YES;
				CLANG_WARN_INT_CONVERSION = YES;
				CLANG_WARN_NON_LITERAL_NULL_CONVERSION = YES;
				CLANG_WARN_OBJC_IMPLICIT_RETAIN_SELF = YES;
				CLANG_WARN_OBJC_LITERAL_CONVERSION = YES;
				CLANG_WARN_OBJC_ROOT_CLASS = YES_ERROR;
				CLANG_WARN_QUOTED_INCLUDE_IN_FRAMEWORK_HEADER = YES;
				CLANG_WARN_RANGE_LOOP_ANALYSIS = YES;
				CLANG_WARN_STRICT_PROTOTYPES = YES;
				CLANG_WARN_SUSPICIOUS_MOVE = YES;
				CLANG_WARN_UNGUARDED_AVAILABILITY = YES_AGGRESSIVE;
				CLANG_WARN_UNREACHABLE_CODE = YES;
				CLANG_WARN__DUPLICATE_METHOD_MATCH = YES;
				COPY_PHASE_STRIP = NO;
				DEBUG_INFORMATION_FORMAT = "dwarf-with-dsym";
				ENABLE_NS_ASSERTIONS = NO;
				ENABLE_STRICT_OBJC_MSGSEND = YES;
				GCC_C_LANGUAGE_STANDARD = gnu11;
				GCC_NO_COMMON_BLOCKS = YES;
				GCC_WARN_64_TO_32_BIT_CONVERSION = YES;
				GCC_WARN_ABOUT_RETURN_TYPE = YES_ERROR;
				GCC_WARN_UNDECLARED_SELECTOR = YES;
				GCC_WARN_UNINITIALIZED_AUTOS = YES_AGGRESSIVE;
				GCC_WARN_UNUSED_FUNCTION = YES;
				GCC_WARN_UNUSED_VARIABLE = YES;
				IPHONEOS_DEPLOYMENT_TARGET = 14.2;
				MTL_ENABLE_DEBUG_INFO = NO;
				MTL_FAST_MATH = YES;
				SDKROOT = iphoneos;
				SWIFT_COMPILATION_MODE = wholemodule;
				SWIFT_OPTIMIZATION_LEVEL = "-O";
				VALIDATE_PRODUCT = YES;
			};
			name = Release;
		};
		0F423DD025B466FB006BDAB6 /* Debug */ = {
			isa = XCBuildConfiguration;
			baseConfigurationReference = 1A01C49467CC60A252DD2EA0 /* Pods-Habito.debug.xcconfig */;
			buildSettings = {
				ASSETCATALOG_COMPILER_APPICON_NAME = AppIcon;
				ASSETCATALOG_COMPILER_GLOBAL_ACCENT_COLOR_NAME = AccentColor;
				CODE_SIGN_STYLE = Automatic;
				DEVELOPMENT_ASSET_PATHS = "\"Habito/Preview Content\"";
				DEVELOPMENT_TEAM = S2Q5BX2GTW;
				ENABLE_PREVIEWS = YES;
				INFOPLIST_FILE = Habito/Info.plist;
				IPHONEOS_DEPLOYMENT_TARGET = 14.0;
				LD_RUNPATH_SEARCH_PATHS = (
					"$(inherited)",
					"@executable_path/Frameworks",
				);
				PRODUCT_BUNDLE_IDENTIFIER = MiseBoxFoodTechnologies.Habito;
				PRODUCT_NAME = "$(TARGET_NAME)";
				SWIFT_VERSION = 5.0;
				TARGETED_DEVICE_FAMILY = "1,2";
			};
			name = Debug;
		};
		0F423DD125B466FB006BDAB6 /* Release */ = {
			isa = XCBuildConfiguration;
			baseConfigurationReference = 08A99C5CCE33C7B05126EE18 /* Pods-Habito.release.xcconfig */;
			buildSettings = {
				ASSETCATALOG_COMPILER_APPICON_NAME = AppIcon;
				ASSETCATALOG_COMPILER_GLOBAL_ACCENT_COLOR_NAME = AccentColor;
				CODE_SIGN_STYLE = Automatic;
				DEVELOPMENT_ASSET_PATHS = "\"Habito/Preview Content\"";
				DEVELOPMENT_TEAM = S2Q5BX2GTW;
				ENABLE_PREVIEWS = YES;
				INFOPLIST_FILE = Habito/Info.plist;
				IPHONEOS_DEPLOYMENT_TARGET = 14.0;
				LD_RUNPATH_SEARCH_PATHS = (
					"$(inherited)",
					"@executable_path/Frameworks",
				);
				PRODUCT_BUNDLE_IDENTIFIER = MiseBoxFoodTechnologies.Habito;
				PRODUCT_NAME = "$(TARGET_NAME)";
				SWIFT_VERSION = 5.0;
				TARGETED_DEVICE_FAMILY = "1,2";
			};
			name = Release;
		};
/* End XCBuildConfiguration section */

/* Begin XCConfigurationList section */
		0F423DBB25B466F5006BDAB6 /* Build configuration list for PBXProject "Habito" */ = {
			isa = XCConfigurationList;
			buildConfigurations = (
				0F423DCD25B466FB006BDAB6 /* Debug */,
				0F423DCE25B466FB006BDAB6 /* Release */,
			);
			defaultConfigurationIsVisible = 0;
			defaultConfigurationName = Release;
		};
		0F423DCF25B466FB006BDAB6 /* Build configuration list for PBXNativeTarget "Habito" */ = {
			isa = XCConfigurationList;
			buildConfigurations = (
				0F423DD025B466FB006BDAB6 /* Debug */,
				0F423DD125B466FB006BDAB6 /* Release */,
			);
			defaultConfigurationIsVisible = 0;
			defaultConfigurationName = Release;
		};
/* End XCConfigurationList section */
	};
	rootObject = 0F423DB825B466F5006BDAB6 /* Project object */;
}
